
Microsoft Visual Studio Solution File, Format Version 12.00
# Visual Studio 15
VisualStudioVersion = 15.0.28010.2041
MinimumVisualStudioVersion = 10.0.40219.1
Project("{9A19103F-16F7-4668-BE54-9A1E7A4F7556}") = "MMS.DAL", "MMS.DAL\MMS.DAL.csproj", "{39DD4478-AB1F-4534-899B-9593E330F170}"
EndProject
Project("{9A19103F-16F7-4668-BE54-9A1E7A4F7556}") = "MMS.Manager", "MMS.Manager\MMS.Manager.csproj", "{38395438-949E-40BF-8B31-1E55F646F928}"
EndProject
Project("{9A19103F-16F7-4668-BE54-9A1E7A4F7556}") = "MMS.API", "MMS.API\MMS.API.csproj", "{022BFC4A-51C3-4773-A4FF-A82E0865CD16}"
EndProject
Project("{9A19103F-16F7-4668-BE54-9A1E7A4F7556}") = "MMS.Core", "MMS.Core\MMS.Core.csproj", "{3429B34C-6B60-4F9A-ABE0-D2DAAD2359D9}"
EndProject
Global
	GlobalSection(SolutionConfigurationPlatforms) = preSolution
		Debug|Any CPU = Debug|Any CPU
		Release|Any CPU = Release|Any CPU
	EndGlobalSection
	GlobalSection(ProjectConfigurationPlatforms) = postSolution
		{39DD4478-AB1F-4534-899B-9593E330F170}.Debug|Any CPU.ActiveCfg = Debug|Any CPU
		{39DD4478-AB1F-4534-899B-9593E330F170}.Debug|Any CPU.Build.0 = Debug|Any CPU
		{39DD4478-AB1F-4534-899B-9593E330F170}.Release|Any CPU.ActiveCfg = Release|Any CPU
		{39DD4478-AB1F-4534-899B-9593E330F170}.Release|Any CPU.Build.0 = Release|Any CPU
		{38395438-949E-40BF-8B31-1E55F646F928}.Debug|Any CPU.ActiveCfg = Debug|Any CPU
		{38395438-949E-40BF-8B31-1E55F646F928}.Debug|Any CPU.Build.0 = Debug|Any CPU
		{38395438-949E-40BF-8B31-1E55F646F928}.Release|Any CPU.ActiveCfg = Release|Any CPU
		{38395438-949E-40BF-8B31-1E55F646F928}.Release|Any CPU.Build.0 = Release|Any CPU
		{022BFC4A-51C3-4773-A4FF-A82E0865CD16}.Debug|Any CPU.ActiveCfg = Debug|Any CPU
		{022BFC4A-51C3-4773-A4FF-A82E0865CD16}.Debug|Any CPU.Build.0 = Debug|Any CPU
		{022BFC4A-51C3-4773-A4FF-A82E0865CD16}.Release|Any CPU.ActiveCfg = Release|Any CPU
		{022BFC4A-51C3-4773-A4FF-A82E0865CD16}.Release|Any CPU.Build.0 = Release|Any CPU
		{3429B34C-6B60-4F9A-ABE0-D2DAAD2359D9}.Debug|Any CPU.ActiveCfg = Debug|Any CPU
		{3429B34C-6B60-4F9A-ABE0-D2DAAD2359D9}.Debug|Any CPU.Build.0 = Debug|Any CPU
		{3429B34C-6B60-4F9A-ABE0-D2DAAD2359D9}.Release|Any CPU.ActiveCfg = Release|Any CPU
		{3429B34C-6B60-4F9A-ABE0-D2DAAD2359D9}.Release|Any CPU.Build.0 = Release|Any CPU
	EndGlobalSection
	GlobalSection(SolutionProperties) = preSolution
		HideSolutionNode = FALSE
	EndGlobalSection
	GlobalSection(ExtensibilityGlobals) = postSolution
		SolutionGuid = {0397F345-21A7-4791-B759-7E202AAC6AD8}
	EndGlobalSection
EndGlobal
